
Microsoft Visual Studio Solution File, Format Version 12.00
# Visual Studio Version 17
VisualStudioVersion = 17.3.32825.248
MinimumVisualStudioVersion = 10.0.40219.1
Project("{FAE04EC0-301F-11D3-BF4B-00C04F79EFBC}") = "WebUtUbe", "WebUtUbe\WebUtUbe.csproj", "{CFEBEA80-D10D-483F-8612-98B6256749EA}"
EndProject
Global
	GlobalSection(SolutionConfigurationPlatforms) = preSolution
		Debug|Any CPU = Debug|Any CPU
		Release|Any CPU = Release|Any CPU
	EndGlobalSection
	GlobalSection(ProjectConfigurationPlatforms) = postSolution
		{CFEBEA80-D10D-483F-8612-98B6256749EA}.Debug|Any CPU.ActiveCfg = Debug|Any CPU
		{CFEBEA80-D10D-483F-8612-98B6256749EA}.Debug|Any CPU.Build.0 = Debug|Any CPU
		{CFEBEA80-D10D-483F-8612-98B6256749EA}.Release|Any CPU.ActiveCfg = Release|Any CPU
		{CFEBEA80-D10D-483F-8612-98B6256749EA}.Release|Any CPU.Build.0 = Release|Any CPU
	EndGlobalSection
	GlobalSection(SolutionProperties) = preSolution
		HideSolutionNode = FALSE
	EndGlobalSection
	GlobalSection(ExtensibilityGlobals) = postSolution
		SolutionGuid = {240D473E-25AC-48E4-A378-DC82CAEDDFD0}
	EndGlobalSection
EndGlobal
